
Microsoft Visual Studio Solution File, Format Version 12.00
# Visual Studio 15
VisualStudioVersion = 15.0.26730.15
MinimumVisualStudioVersion = 10.0.40219.1
Project("{FAE04EC0-301F-11D3-BF4B-00C04F79EFBC}") = "WebApplication2", "WebApplication2\WebApplication2.csproj", "{4FE5227F-4430-4FDF-A57E-703EB1C40BC8}"
EndProject
Project("{FAE04EC0-301F-11D3-BF4B-00C04F79EFBC}") = "WindowsFormsApp1", "WindowsFormsApp1\WindowsFormsApp1.csproj", "{936B5A8D-FF42-4BFF-9736-A63CD2D9ACDB}"
EndProject
Global
	GlobalSection(SolutionConfigurationPlatforms) = preSolution
		Debug|Any CPU = Debug|Any CPU
		Release|Any CPU = Release|Any CPU
	EndGlobalSection
	GlobalSection(ProjectConfigurationPlatforms) = postSolution
		{4FE5227F-4430-4FDF-A57E-703EB1C40BC8}.Debug|Any CPU.ActiveCfg = Debug|Any CPU
		{4FE5227F-4430-4FDF-A57E-703EB1C40BC8}.Debug|Any CPU.Build.0 = Debug|Any CPU
		{4FE5227F-4430-4FDF-A57E-703EB1C40BC8}.Release|Any CPU.ActiveCfg = Release|Any CPU
		{4FE5227F-4430-4FDF-A57E-703EB1C40BC8}.Release|Any CPU.Build.0 = Release|Any CPU
		{936B5A8D-FF42-4BFF-9736-A63CD2D9ACDB}.Debug|Any CPU.ActiveCfg = Debug|Any CPU
		{936B5A8D-FF42-4BFF-9736-A63CD2D9ACDB}.Debug|Any CPU.Build.0 = Debug|Any CPU
		{936B5A8D-FF42-4BFF-9736-A63CD2D9ACDB}.Release|Any CPU.ActiveCfg = Release|Any CPU
		{936B5A8D-FF42-4BFF-9736-A63CD2D9ACDB}.Release|Any CPU.Build.0 = Release|Any CPU
	EndGlobalSection
	GlobalSection(SolutionProperties) = preSolution
		HideSolutionNode = FALSE
	EndGlobalSection
	GlobalSection(ExtensibilityGlobals) = postSolution
		SolutionGuid = {54BA92BB-985C-4B36-B7B6-07DB82DF0615}
	EndGlobalSection
EndGlobal
